
Microsoft Visual Studio Solution File, Format Version 12.00
# Visual Studio Version 17
VisualStudioVersion = 17.0.31903.59
MinimumVisualStudioVersion = 10.0.40219.1
Project("{FAE04EC0-301F-11D3-BF4B-00C04F79EFBC}") = "BasedGram.TechnicalUI", "BasedGram.TechnicalUI\BasedGram.TechnicalUI.csproj", "{AA36FB4D-B1E7-4B2D-9E3F-F7B2D6D42E9F}"
EndProject
Project("{2150E333-8FDC-42A3-9474-1A3956D46DE8}") = "Common", "Common", "{1C1D4EB3-8029-4A69-9017-D4724B159D81}"
EndProject
Project("{FAE04EC0-301F-11D3-BF4B-00C04F79EFBC}") = "BasedGram.Common.Core", "Common\BasedGram.Common.Core\BasedGram.Common.Core.csproj", "{1B0B94EB-D30F-4B8E-971C-550E52F8B3CE}"
EndProject
Project("{FAE04EC0-301F-11D3-BF4B-00C04F79EFBC}") = "BasedGram.Common.Enums", "Common\BasedGram.Common.Enums\BasedGram.Common.Enums.csproj", "{4BBBFF59-6B99-47D5-8739-9EE4BE4920EF}"
EndProject
Project("{2150E333-8FDC-42A3-9474-1A3956D46DE8}") = "Database", "Database", "{E869CAC7-A450-41E3-91F5-B57B265A4846}"
EndProject
Project("{2150E333-8FDC-42A3-9474-1A3956D46DE8}") = "BasedGram.Database.MongoDB", "BasedGram.Database.MongoDB", "{771B07B2-1919-4053-B80D-D4B91ED2ACAF}"
EndProject
Project("{FAE04EC0-301F-11D3-BF4B-00C04F79EFBC}") = "BasedGram.Database.MongoDB.Models.Converters", "Database\BasedGram.Database.MongoDB\BasedGram.Database.MongoDB.Models.Converters\BasedGram.Database.MongoDB.Models.Converters.csproj", "{3F7F3356-52EC-4C14-BAA7-B55F4CA452B4}"
EndProject
Project("{FAE04EC0-301F-11D3-BF4B-00C04F79EFBC}") = "BasedGram.Database.MongoDBRepositories", "Database\BasedGram.Database.MongoDB\BasedGram.Database.MongoDBRepositories\BasedGram.Database.MongoDBRepositories.csproj", "{35ADFC14-4526-4D72-B1A5-F00C53909968}"
EndProject
Project("{FAE04EC0-301F-11D3-BF4B-00C04F79EFBC}") = "BasedGram.Database.MongoDB.Models", "Database\BasedGram.Database.MongoDB\BasedGram.Database.MongoDB.Models\BasedGram.Database.MongoDB.Models.csproj", "{299EBA1B-EA7E-49D9-A5F9-2EE8516DF1BA}"
EndProject
Project("{FAE04EC0-301F-11D3-BF4B-00C04F79EFBC}") = "BasedGram.Database.Core", "Database\BasedGram.Database.Core\BasedGram.Database.Core.csproj", "{C13D79E0-17CB-40ED-A4A3-38B1F3A7476B}"
EndProject
Project("{FAE04EC0-301F-11D3-BF4B-00C04F79EFBC}") = "BasedGram.Database.Context", "Database\BasedGram.Database.Context\BasedGram.Database.Context.csproj", "{071525C9-5093-49FE-A969-050563D545C8}"
EndProject
Project("{2150E333-8FDC-42A3-9474-1A3956D46DE8}") = "BasedGram.Database.Npgsql", "BasedGram.Database.Npgsql", "{B21B0920-8C61-491E-9DF0-F132ADD78474}"
EndProject
Project("{FAE04EC0-301F-11D3-BF4B-00C04F79EFBC}") = "BasedGram.Database.Npgsql.Models", "Database\BasedGram.Database.Npgsql\BasedGram.Database.Npgsql.Models\BasedGram.Database.Npgsql.Models.csproj", "{B6408F73-AC44-4804-8FCC-0EB1BF3B85CE}"
EndProject
Project("{FAE04EC0-301F-11D3-BF4B-00C04F79EFBC}") = "BasedGram.Database.Npgsql.Models.Converters", "Database\BasedGram.Database.Npgsql\BasedGram.Database.Npgsql.Models.Converters\BasedGram.Database.Npgsql.Models.Converters.csproj", "{E1051F47-CEBD-476E-9C69-7BD0F26D6884}"
EndProject
Project("{FAE04EC0-301F-11D3-BF4B-00C04F79EFBC}") = "BasedGram.Database.NpgsqlRepositories", "Database\BasedGram.Database.Npgsql\BasedGram.Database.NpgsqlRepositories\BasedGram.Database.NpgsqlRepositories.csproj", "{708418B0-2EDF-4336-9B43-E61F0B8E4C5D}"
EndProject
Project("{2150E333-8FDC-42A3-9474-1A3956D46DE8}") = "Services", "Services", "{D72494FB-318E-4C9C-ACCE-C605ECFD9086}"
EndProject
Project("{FAE04EC0-301F-11D3-BF4B-00C04F79EFBC}") = "BasedGram.Services.P2PService", "Services\BasedGram.Services.P2PService\BasedGram.Services.P2PService.csproj", "{E54433ED-B1B0-4F11-A255-A29F3C36928F}"
EndProject
Project("{FAE04EC0-301F-11D3-BF4B-00C04F79EFBC}") = "BasedGram.Services.UserService", "Services\BasedGram.Services.UserService\BasedGram.Services.UserService.csproj", "{79FBF1C9-2D72-4F34-8C1B-7BB3E2D23CDF}"
EndProject
Project("{FAE04EC0-301F-11D3-BF4B-00C04F79EFBC}") = "BasedGram.Services.AuthService", "Services\BasedGram.Services.AuthService\BasedGram.Services.AuthService.csproj", "{93CA5089-C4A2-48DD-8AEE-6E6BEA2CDC46}"
EndProject
Project("{FAE04EC0-301F-11D3-BF4B-00C04F79EFBC}") = "BasedGram.Services.DialogService", "Services\BasedGram.Services.DialogService\BasedGram.Services.DialogService.csproj", "{D098788F-8BCC-4607-A1F5-34343AA7FC87}"
EndProject
Project("{2150E333-8FDC-42A3-9474-1A3956D46DE8}") = "Tests", "Tests", "{7758B21D-CAD3-48EA-817C-4CDD497DDCAA}"
EndProject
Project("{FAE04EC0-301F-11D3-BF4B-00C04F79EFBC}") = "BasedGram.Tests.Common", "Tests\BasedGram.Tests.Common\BasedGram.Tests.Common.csproj", "{015AB0DB-0B7E-4AFF-A8EB-26BFC92DA849}"
EndProject
Project("{FAE04EC0-301F-11D3-BF4B-00C04F79EFBC}") = "BasedGram.Tests.Unit", "Tests\BasedGram.Tests.Unit\BasedGram.Tests.Unit.csproj", "{8D05C4B5-37B7-4D3A-933C-D1AAAF1FA09D}"
EndProject
Project("{FAE04EC0-301F-11D3-BF4B-00C04F79EFBC}") = "BasedGram.Tests.E2E", "Tests\BasedGram.Tests.E2E\BasedGram.Tests.E2E.csproj", "{49EA5A22-0E5F-4661-8734-C0C34F7288C6}"
EndProject
Project("{FAE04EC0-301F-11D3-BF4B-00C04F79EFBC}") = "BasedGram.Tests.Integration", "Tests\BasedGram.Tests.Integration\BasedGram.Tests.Integration.csproj", "{07D8FF1D-4F89-4641-B3AA-06E64C43DEFC}"
EndProject
Project("{FAE04EC0-301F-11D3-BF4B-00C04F79EFBC}") = "BasedGram.WebUI", "BasedGram.WebUI\BasedGram.WebUI.csproj", "{53527021-E5FE-446B-A391-4E6E02A1B997}"
EndProject
Project("{FAE04EC0-301F-11D3-BF4B-00C04F79EFBC}") = "HalsteadCompAnalyzer", "HalsteadCompAnalyzer\HalsteadCompAnalyzer.csproj", "{F90F8161-05F3-4B41-852E-C23CBC6385F0}"
EndProject
Global
	GlobalSection(SolutionConfigurationPlatforms) = preSolution
		Debug|Any CPU = Debug|Any CPU
		Release|Any CPU = Release|Any CPU
	EndGlobalSection
	GlobalSection(SolutionProperties) = preSolution
		HideSolutionNode = FALSE
	EndGlobalSection
	GlobalSection(ProjectConfigurationPlatforms) = postSolution
		{AA36FB4D-B1E7-4B2D-9E3F-F7B2D6D42E9F}.Debug|Any CPU.ActiveCfg = Debug|Any CPU
		{AA36FB4D-B1E7-4B2D-9E3F-F7B2D6D42E9F}.Debug|Any CPU.Build.0 = Debug|Any CPU
		{AA36FB4D-B1E7-4B2D-9E3F-F7B2D6D42E9F}.Release|Any CPU.ActiveCfg = Release|Any CPU
		{AA36FB4D-B1E7-4B2D-9E3F-F7B2D6D42E9F}.Release|Any CPU.Build.0 = Release|Any CPU
		{1B0B94EB-D30F-4B8E-971C-550E52F8B3CE}.Debug|Any CPU.ActiveCfg = Debug|Any CPU
		{1B0B94EB-D30F-4B8E-971C-550E52F8B3CE}.Debug|Any CPU.Build.0 = Debug|Any CPU
		{1B0B94EB-D30F-4B8E-971C-550E52F8B3CE}.Release|Any CPU.ActiveCfg = Release|Any CPU
		{1B0B94EB-D30F-4B8E-971C-550E52F8B3CE}.Release|Any CPU.Build.0 = Release|Any CPU
		{4BBBFF59-6B99-47D5-8739-9EE4BE4920EF}.Debug|Any CPU.ActiveCfg = Debug|Any CPU
		{4BBBFF59-6B99-47D5-8739-9EE4BE4920EF}.Debug|Any CPU.Build.0 = Debug|Any CPU
		{4BBBFF59-6B99-47D5-8739-9EE4BE4920EF}.Release|Any CPU.ActiveCfg = Release|Any CPU
		{4BBBFF59-6B99-47D5-8739-9EE4BE4920EF}.Release|Any CPU.Build.0 = Release|Any CPU
		{3F7F3356-52EC-4C14-BAA7-B55F4CA452B4}.Debug|Any CPU.ActiveCfg = Debug|Any CPU
		{3F7F3356-52EC-4C14-BAA7-B55F4CA452B4}.Debug|Any CPU.Build.0 = Debug|Any CPU
		{3F7F3356-52EC-4C14-BAA7-B55F4CA452B4}.Release|Any CPU.ActiveCfg = Release|Any CPU
		{3F7F3356-52EC-4C14-BAA7-B55F4CA452B4}.Release|Any CPU.Build.0 = Release|Any CPU
		{35ADFC14-4526-4D72-B1A5-F00C53909968}.Debug|Any CPU.ActiveCfg = Debug|Any CPU
		{35ADFC14-4526-4D72-B1A5-F00C53909968}.Debug|Any CPU.Build.0 = Debug|Any CPU
		{35ADFC14-4526-4D72-B1A5-F00C53909968}.Release|Any CPU.ActiveCfg = Release|Any CPU
		{35ADFC14-4526-4D72-B1A5-F00C53909968}.Release|Any CPU.Build.0 = Release|Any CPU
		{299EBA1B-EA7E-49D9-A5F9-2EE8516DF1BA}.Debug|Any CPU.ActiveCfg = Debug|Any CPU
		{299EBA1B-EA7E-49D9-A5F9-2EE8516DF1BA}.Debug|Any CPU.Build.0 = Debug|Any CPU
		{299EBA1B-EA7E-49D9-A5F9-2EE8516DF1BA}.Release|Any CPU.ActiveCfg = Release|Any CPU
		{299EBA1B-EA7E-49D9-A5F9-2EE8516DF1BA}.Release|Any CPU.Build.0 = Release|Any CPU
		{C13D79E0-17CB-40ED-A4A3-38B1F3A7476B}.Debug|Any CPU.ActiveCfg = Debug|Any CPU
		{C13D79E0-17CB-40ED-A4A3-38B1F3A7476B}.Debug|Any CPU.Build.0 = Debug|Any CPU
		{C13D79E0-17CB-40ED-A4A3-38B1F3A7476B}.Release|Any CPU.ActiveCfg = Release|Any CPU
		{C13D79E0-17CB-40ED-A4A3-38B1F3A7476B}.Release|Any CPU.Build.0 = Release|Any CPU
		{071525C9-5093-49FE-A969-050563D545C8}.Debug|Any CPU.ActiveCfg = Debug|Any CPU
		{071525C9-5093-49FE-A969-050563D545C8}.Debug|Any CPU.Build.0 = Debug|Any CPU
		{071525C9-5093-49FE-A969-050563D545C8}.Release|Any CPU.ActiveCfg = Release|Any CPU
		{071525C9-5093-49FE-A969-050563D545C8}.Release|Any CPU.Build.0 = Release|Any CPU
		{B6408F73-AC44-4804-8FCC-0EB1BF3B85CE}.Debug|Any CPU.ActiveCfg = Debug|Any CPU
		{B6408F73-AC44-4804-8FCC-0EB1BF3B85CE}.Debug|Any CPU.Build.0 = Debug|Any CPU
		{B6408F73-AC44-4804-8FCC-0EB1BF3B85CE}.Release|Any CPU.ActiveCfg = Release|Any CPU
		{B6408F73-AC44-4804-8FCC-0EB1BF3B85CE}.Release|Any CPU.Build.0 = Release|Any CPU
		{E1051F47-CEBD-476E-9C69-7BD0F26D6884}.Debug|Any CPU.ActiveCfg = Debug|Any CPU
		{E1051F47-CEBD-476E-9C69-7BD0F26D6884}.Debug|Any CPU.Build.0 = Debug|Any CPU
		{E1051F47-CEBD-476E-9C69-7BD0F26D6884}.Release|Any CPU.ActiveCfg = Release|Any CPU
		{E1051F47-CEBD-476E-9C69-7BD0F26D6884}.Release|Any CPU.Build.0 = Release|Any CPU
		{708418B0-2EDF-4336-9B43-E61F0B8E4C5D}.Debug|Any CPU.ActiveCfg = Debug|Any CPU
		{708418B0-2EDF-4336-9B43-E61F0B8E4C5D}.Debug|Any CPU.Build.0 = Debug|Any CPU
		{708418B0-2EDF-4336-9B43-E61F0B8E4C5D}.Release|Any CPU.ActiveCfg = Release|Any CPU
		{708418B0-2EDF-4336-9B43-E61F0B8E4C5D}.Release|Any CPU.Build.0 = Release|Any CPU
		{E54433ED-B1B0-4F11-A255-A29F3C36928F}.Debug|Any CPU.ActiveCfg = Debug|Any CPU
		{E54433ED-B1B0-4F11-A255-A29F3C36928F}.Debug|Any CPU.Build.0 = Debug|Any CPU
		{E54433ED-B1B0-4F11-A255-A29F3C36928F}.Release|Any CPU.ActiveCfg = Release|Any CPU
		{E54433ED-B1B0-4F11-A255-A29F3C36928F}.Release|Any CPU.Build.0 = Release|Any CPU
		{79FBF1C9-2D72-4F34-8C1B-7BB3E2D23CDF}.Debug|Any CPU.ActiveCfg = Debug|Any CPU
		{79FBF1C9-2D72-4F34-8C1B-7BB3E2D23CDF}.Debug|Any CPU.Build.0 = Debug|Any CPU
		{79FBF1C9-2D72-4F34-8C1B-7BB3E2D23CDF}.Release|Any CPU.ActiveCfg = Release|Any CPU
		{79FBF1C9-2D72-4F34-8C1B-7BB3E2D23CDF}.Release|Any CPU.Build.0 = Release|Any CPU
		{93CA5089-C4A2-48DD-8AEE-6E6BEA2CDC46}.Debug|Any CPU.ActiveCfg = Debug|Any CPU
		{93CA5089-C4A2-48DD-8AEE-6E6BEA2CDC46}.Debug|Any CPU.Build.0 = Debug|Any CPU
		{93CA5089-C4A2-48DD-8AEE-6E6BEA2CDC46}.Release|Any CPU.ActiveCfg = Release|Any CPU
		{93CA5089-C4A2-48DD-8AEE-6E6BEA2CDC46}.Release|Any CPU.Build.0 = Release|Any CPU
		{D098788F-8BCC-4607-A1F5-34343AA7FC87}.Debug|Any CPU.ActiveCfg = Debug|Any CPU
		{D098788F-8BCC-4607-A1F5-34343AA7FC87}.Debug|Any CPU.Build.0 = Debug|Any CPU
		{D098788F-8BCC-4607-A1F5-34343AA7FC87}.Release|Any CPU.ActiveCfg = Release|Any CPU
		{D098788F-8BCC-4607-A1F5-34343AA7FC87}.Release|Any CPU.Build.0 = Release|Any CPU
		{015AB0DB-0B7E-4AFF-A8EB-26BFC92DA849}.Debug|Any CPU.ActiveCfg = Debug|Any CPU
		{015AB0DB-0B7E-4AFF-A8EB-26BFC92DA849}.Debug|Any CPU.Build.0 = Debug|Any CPU
		{015AB0DB-0B7E-4AFF-A8EB-26BFC92DA849}.Release|Any CPU.ActiveCfg = Release|Any CPU
		{015AB0DB-0B7E-4AFF-A8EB-26BFC92DA849}.Release|Any CPU.Build.0 = Release|Any CPU
		{8D05C4B5-37B7-4D3A-933C-D1AAAF1FA09D}.Debug|Any CPU.ActiveCfg = Debug|Any CPU
		{8D05C4B5-37B7-4D3A-933C-D1AAAF1FA09D}.Debug|Any CPU.Build.0 = Debug|Any CPU
		{8D05C4B5-37B7-4D3A-933C-D1AAAF1FA09D}.Release|Any CPU.ActiveCfg = Release|Any CPU
		{8D05C4B5-37B7-4D3A-933C-D1AAAF1FA09D}.Release|Any CPU.Build.0 = Release|Any CPU
		{49EA5A22-0E5F-4661-8734-C0C34F7288C6}.Debug|Any CPU.ActiveCfg = Debug|Any CPU
		{49EA5A22-0E5F-4661-8734-C0C34F7288C6}.Debug|Any CPU.Build.0 = Debug|Any CPU
		{49EA5A22-0E5F-4661-8734-C0C34F7288C6}.Release|Any CPU.ActiveCfg = Release|Any CPU
		{49EA5A22-0E5F-4661-8734-C0C34F7288C6}.Release|Any CPU.Build.0 = Release|Any CPU
		{07D8FF1D-4F89-4641-B3AA-06E64C43DEFC}.Debug|Any CPU.ActiveCfg = Debug|Any CPU
		{07D8FF1D-4F89-4641-B3AA-06E64C43DEFC}.Debug|Any CPU.Build.0 = Debug|Any CPU
		{07D8FF1D-4F89-4641-B3AA-06E64C43DEFC}.Release|Any CPU.ActiveCfg = Release|Any CPU
		{07D8FF1D-4F89-4641-B3AA-06E64C43DEFC}.Release|Any CPU.Build.0 = Release|Any CPU
		{53527021-E5FE-446B-A391-4E6E02A1B997}.Debug|Any CPU.ActiveCfg = Debug|Any CPU
		{53527021-E5FE-446B-A391-4E6E02A1B997}.Debug|Any CPU.Build.0 = Debug|Any CPU
		{53527021-E5FE-446B-A391-4E6E02A1B997}.Release|Any CPU.ActiveCfg = Release|Any CPU
		{53527021-E5FE-446B-A391-4E6E02A1B997}.Release|Any CPU.Build.0 = Release|Any CPU
		{F90F8161-05F3-4B41-852E-C23CBC6385F0}.Debug|Any CPU.ActiveCfg = Debug|Any CPU
		{F90F8161-05F3-4B41-852E-C23CBC6385F0}.Debug|Any CPU.Build.0 = Debug|Any CPU
		{F90F8161-05F3-4B41-852E-C23CBC6385F0}.Release|Any CPU.ActiveCfg = Release|Any CPU
		{F90F8161-05F3-4B41-852E-C23CBC6385F0}.Release|Any CPU.Build.0 = Release|Any CPU
	EndGlobalSection
	GlobalSection(NestedProjects) = preSolution
		{1B0B94EB-D30F-4B8E-971C-550E52F8B3CE} = {1C1D4EB3-8029-4A69-9017-D4724B159D81}
		{4BBBFF59-6B99-47D5-8739-9EE4BE4920EF} = {1C1D4EB3-8029-4A69-9017-D4724B159D81}
		{771B07B2-1919-4053-B80D-D4B91ED2ACAF} = {E869CAC7-A450-41E3-91F5-B57B265A4846}
		{3F7F3356-52EC-4C14-BAA7-B55F4CA452B4} = {771B07B2-1919-4053-B80D-D4B91ED2ACAF}
		{35ADFC14-4526-4D72-B1A5-F00C53909968} = {771B07B2-1919-4053-B80D-D4B91ED2ACAF}
		{299EBA1B-EA7E-49D9-A5F9-2EE8516DF1BA} = {771B07B2-1919-4053-B80D-D4B91ED2ACAF}
		{C13D79E0-17CB-40ED-A4A3-38B1F3A7476B} = {E869CAC7-A450-41E3-91F5-B57B265A4846}
		{071525C9-5093-49FE-A969-050563D545C8} = {E869CAC7-A450-41E3-91F5-B57B265A4846}
		{B21B0920-8C61-491E-9DF0-F132ADD78474} = {E869CAC7-A450-41E3-91F5-B57B265A4846}
		{B6408F73-AC44-4804-8FCC-0EB1BF3B85CE} = {B21B0920-8C61-491E-9DF0-F132ADD78474}
		{E1051F47-CEBD-476E-9C69-7BD0F26D6884} = {B21B0920-8C61-491E-9DF0-F132ADD78474}
		{708418B0-2EDF-4336-9B43-E61F0B8E4C5D} = {B21B0920-8C61-491E-9DF0-F132ADD78474}
		{E54433ED-B1B0-4F11-A255-A29F3C36928F} = {D72494FB-318E-4C9C-ACCE-C605ECFD9086}
		{79FBF1C9-2D72-4F34-8C1B-7BB3E2D23CDF} = {D72494FB-318E-4C9C-ACCE-C605ECFD9086}
		{93CA5089-C4A2-48DD-8AEE-6E6BEA2CDC46} = {D72494FB-318E-4C9C-ACCE-C605ECFD9086}
		{D098788F-8BCC-4607-A1F5-34343AA7FC87} = {D72494FB-318E-4C9C-ACCE-C605ECFD9086}
		{015AB0DB-0B7E-4AFF-A8EB-26BFC92DA849} = {7758B21D-CAD3-48EA-817C-4CDD497DDCAA}
		{8D05C4B5-37B7-4D3A-933C-D1AAAF1FA09D} = {7758B21D-CAD3-48EA-817C-4CDD497DDCAA}
		{49EA5A22-0E5F-4661-8734-C0C34F7288C6} = {7758B21D-CAD3-48EA-817C-4CDD497DDCAA}
		{07D8FF1D-4F89-4641-B3AA-06E64C43DEFC} = {7758B21D-CAD3-48EA-817C-4CDD497DDCAA}
	EndGlobalSection
EndGlobal
